
Microsoft Visual Studio Solution File, Format Version 12.00
# Visual Studio Version 17
VisualStudioVersion = 17.14.36221.1
MinimumVisualStudioVersion = 10.0.40219.1
Project("{2150E333-8FDC-42A3-9474-1A3956D46DE8}") = "1.Enterprise Business Rules", "1.Enterprise Business Rules", "{02EA681E-C7D8-13C7-8484-4AC65E1B71E8}"
EndProject
Project("{2150E333-8FDC-42A3-9474-1A3956D46DE8}") = "2.Application Business Rules", "2.Application Business Rules", "{34A36ABF-206C-4FEB-AA42-40FB2A21BD9F}"
EndProject
Project("{2150E333-8FDC-42A3-9474-1A3956D46DE8}") = "3.Interface Adapters", "3.Interface Adapters", "{33F38F55-EB35-4744-AC9E-41A7361FC79A}"
EndProject
Project("{2150E333-8FDC-42A3-9474-1A3956D46DE8}") = "4.Frameworks & Drivers", "4.Frameworks & Drivers", "{55AC9874-6F8E-4C00-8DCE-2F43F0DA7E7A}"
EndProject
Project("{FAE04EC0-301F-11D3-BF4B-00C04F79EFBC}") = "BIM.PruebaTecnica.Entities", "BIM.PruebaTecnica.Entities\BIM.PruebaTecnica.Entities.csproj", "{26DE311F-67E9-470F-B9AD-91C53B3C611F}"
EndProject
Project("{FAE04EC0-301F-11D3-BF4B-00C04F79EFBC}") = "BIM.PruebaTecnica.UseCases", "BIM.PruebaTecnica.UseCases\BIM.PruebaTecnica.UseCases.csproj", "{0EDDE313-5E08-4AF2-944B-1947F78E13AC}"
EndProject
Project("{2150E333-8FDC-42A3-9474-1A3956D46DE8}") = "Gateways", "Gateways", "{2DADFF33-9D78-4451-BC44-D56546DFFDA3}"
EndProject
Project("{2150E333-8FDC-42A3-9474-1A3956D46DE8}") = "Repositories", "Repositories", "{A7769811-E6D9-4CF6-8AE9-534A7BC41528}"
EndProject
Project("{FAE04EC0-301F-11D3-BF4B-00C04F79EFBC}") = "BIM.PruebaTecnica.Repository", "BIM.PruebaTecnica.Repository\BIM.PruebaTecnica.Repository.csproj", "{086EA8C3-3F7A-4D9E-8C22-23CFB7FA9DF8}"
EndProject
Project("{FAE04EC0-301F-11D3-BF4B-00C04F79EFBC}") = "BIM.PruebaTecnica.IoC", "BIM.PruebaTecnica.IoC\BIM.PruebaTecnica.IoC.csproj", "{9D7169EE-6883-458C-B192-E64C6ED6631B}"
EndProject
Project("{2150E333-8FDC-42A3-9474-1A3956D46DE8}") = "UIs", "UIs", "{B7409E4C-70DC-4E3E-984A-59FC37589A1B}"
EndProject
Project("{FAE04EC0-301F-11D3-BF4B-00C04F79EFBC}") = "BIM.PruebaTecnica.WebApi", "BIM.PruebaTecnica.WebApi\BIM.PruebaTecnica.WebApi.csproj", "{BA3B9D17-CBDA-44D5-8E94-EAA76D5D2B4A}"
EndProject
Project("{FAE04EC0-301F-11D3-BF4B-00C04F79EFBC}") = "BIM.PruebaTecnica.AppMVC", "BIM.PruebaTecnica.AppMVC\BIM.PruebaTecnica.AppMVC.csproj", "{6A9BC8E5-F544-4384-BEFF-33ADE05D47D7}"
EndProject
Project("{2150E333-8FDC-42A3-9474-1A3956D46DE8}") = "Presenters", "Presenters", "{4336A95C-9BB0-4903-9B88-8E4DFB20E4E2}"
EndProject
Project("{FAE04EC0-301F-11D3-BF4B-00C04F79EFBC}") = "BIM.PruebaTecnica.Presenters", "BIM.PruebaTecnica.Presenters\BIM.PruebaTecnica.Presenters.csproj", "{AE06480A-E226-488D-88BA-839B76413D5C}"
EndProject
Global
	GlobalSection(SolutionConfigurationPlatforms) = preSolution
		Debug|Any CPU = Debug|Any CPU
		Release|Any CPU = Release|Any CPU
	EndGlobalSection
	GlobalSection(ProjectConfigurationPlatforms) = postSolution
		{26DE311F-67E9-470F-B9AD-91C53B3C611F}.Debug|Any CPU.ActiveCfg = Debug|Any CPU
		{26DE311F-67E9-470F-B9AD-91C53B3C611F}.Debug|Any CPU.Build.0 = Debug|Any CPU
		{26DE311F-67E9-470F-B9AD-91C53B3C611F}.Release|Any CPU.ActiveCfg = Release|Any CPU
		{26DE311F-67E9-470F-B9AD-91C53B3C611F}.Release|Any CPU.Build.0 = Release|Any CPU
		{0EDDE313-5E08-4AF2-944B-1947F78E13AC}.Debug|Any CPU.ActiveCfg = Debug|Any CPU
		{0EDDE313-5E08-4AF2-944B-1947F78E13AC}.Debug|Any CPU.Build.0 = Debug|Any CPU
		{0EDDE313-5E08-4AF2-944B-1947F78E13AC}.Release|Any CPU.ActiveCfg = Release|Any CPU
		{0EDDE313-5E08-4AF2-944B-1947F78E13AC}.Release|Any CPU.Build.0 = Release|Any CPU
		{086EA8C3-3F7A-4D9E-8C22-23CFB7FA9DF8}.Debug|Any CPU.ActiveCfg = Debug|Any CPU
		{086EA8C3-3F7A-4D9E-8C22-23CFB7FA9DF8}.Debug|Any CPU.Build.0 = Debug|Any CPU
		{086EA8C3-3F7A-4D9E-8C22-23CFB7FA9DF8}.Release|Any CPU.ActiveCfg = Release|Any CPU
		{086EA8C3-3F7A-4D9E-8C22-23CFB7FA9DF8}.Release|Any CPU.Build.0 = Release|Any CPU
		{9D7169EE-6883-458C-B192-E64C6ED6631B}.Debug|Any CPU.ActiveCfg = Debug|Any CPU
		{9D7169EE-6883-458C-B192-E64C6ED6631B}.Debug|Any CPU.Build.0 = Debug|Any CPU
		{9D7169EE-6883-458C-B192-E64C6ED6631B}.Release|Any CPU.ActiveCfg = Release|Any CPU
		{9D7169EE-6883-458C-B192-E64C6ED6631B}.Release|Any CPU.Build.0 = Release|Any CPU
		{BA3B9D17-CBDA-44D5-8E94-EAA76D5D2B4A}.Debug|Any CPU.ActiveCfg = Debug|Any CPU
		{BA3B9D17-CBDA-44D5-8E94-EAA76D5D2B4A}.Debug|Any CPU.Build.0 = Debug|Any CPU
		{BA3B9D17-CBDA-44D5-8E94-EAA76D5D2B4A}.Release|Any CPU.ActiveCfg = Release|Any CPU
		{BA3B9D17-CBDA-44D5-8E94-EAA76D5D2B4A}.Release|Any CPU.Build.0 = Release|Any CPU
		{6A9BC8E5-F544-4384-BEFF-33ADE05D47D7}.Debug|Any CPU.ActiveCfg = Debug|Any CPU
		{6A9BC8E5-F544-4384-BEFF-33ADE05D47D7}.Debug|Any CPU.Build.0 = Debug|Any CPU
		{6A9BC8E5-F544-4384-BEFF-33ADE05D47D7}.Release|Any CPU.ActiveCfg = Release|Any CPU
		{6A9BC8E5-F544-4384-BEFF-33ADE05D47D7}.Release|Any CPU.Build.0 = Release|Any CPU
		{AE06480A-E226-488D-88BA-839B76413D5C}.Debug|Any CPU.ActiveCfg = Debug|Any CPU
		{AE06480A-E226-488D-88BA-839B76413D5C}.Debug|Any CPU.Build.0 = Debug|Any CPU
		{AE06480A-E226-488D-88BA-839B76413D5C}.Release|Any CPU.ActiveCfg = Release|Any CPU
		{AE06480A-E226-488D-88BA-839B76413D5C}.Release|Any CPU.Build.0 = Release|Any CPU
	EndGlobalSection
	GlobalSection(SolutionProperties) = preSolution
		HideSolutionNode = FALSE
	EndGlobalSection
	GlobalSection(NestedProjects) = preSolution
		{26DE311F-67E9-470F-B9AD-91C53B3C611F} = {02EA681E-C7D8-13C7-8484-4AC65E1B71E8}
		{0EDDE313-5E08-4AF2-944B-1947F78E13AC} = {34A36ABF-206C-4FEB-AA42-40FB2A21BD9F}
		{2DADFF33-9D78-4451-BC44-D56546DFFDA3} = {33F38F55-EB35-4744-AC9E-41A7361FC79A}
		{A7769811-E6D9-4CF6-8AE9-534A7BC41528} = {2DADFF33-9D78-4451-BC44-D56546DFFDA3}
		{086EA8C3-3F7A-4D9E-8C22-23CFB7FA9DF8} = {A7769811-E6D9-4CF6-8AE9-534A7BC41528}
		{9D7169EE-6883-458C-B192-E64C6ED6631B} = {33F38F55-EB35-4744-AC9E-41A7361FC79A}
		{B7409E4C-70DC-4E3E-984A-59FC37589A1B} = {55AC9874-6F8E-4C00-8DCE-2F43F0DA7E7A}
		{BA3B9D17-CBDA-44D5-8E94-EAA76D5D2B4A} = {B7409E4C-70DC-4E3E-984A-59FC37589A1B}
		{6A9BC8E5-F544-4384-BEFF-33ADE05D47D7} = {B7409E4C-70DC-4E3E-984A-59FC37589A1B}
		{4336A95C-9BB0-4903-9B88-8E4DFB20E4E2} = {33F38F55-EB35-4744-AC9E-41A7361FC79A}
		{AE06480A-E226-488D-88BA-839B76413D5C} = {4336A95C-9BB0-4903-9B88-8E4DFB20E4E2}
	EndGlobalSection
	GlobalSection(ExtensibilityGlobals) = postSolution
		SolutionGuid = {B622B525-BD92-4883-A0BA-337E93C72FFF}
	EndGlobalSection
EndGlobal
